
Microsoft Visual Studio Solution File, Format Version 12.00
# Visual Studio Version 17
VisualStudioVersion = 17.2.32616.157
MinimumVisualStudioVersion = 10.0.40219.1
Project("{FAE04EC0-301F-11D3-BF4B-00C04F79EFBC}") = "ExercicosProfRomulo.MatematicaBasica", "ExercicosProfRomulo.MatematicaBasica\ExercicosProfRomulo.MatematicaBasica.csproj", "{273CBC9C-A457-4F7E-8604-DA6A1AB68AEA}"
EndProject
Project("{FAE04EC0-301F-11D3-BF4B-00C04F79EFBC}") = "ExerciciosProfRomulo.EscolinhaTicTic", "ExerciciosProfRomulo.EscolinhaTicTic\ExerciciosProfRomulo.EscolinhaTicTic.csproj", "{B5C46C30-F618-4CD6-A836-4C735CED8D78}"
EndProject
Project("{FAE04EC0-301F-11D3-BF4B-00C04F79EFBC}") = "ExerciciosProRomulo.ExercicioSeis", "ExerciciosProRomulo.ExercicioSeis\ExerciciosProRomulo.ExercicioSeis.csproj", "{DBED0751-3E17-4B4F-9BA8-1B7E447CBB4A}"
EndProject
Project("{FAE04EC0-301F-11D3-BF4B-00C04F79EFBC}") = "ExerciciosProfRomulo.ExercicioSete", "ExerciciosProfRomulo.ExercicioSete\ExerciciosProfRomulo.ExercicioSete.csproj", "{0B3FE500-4860-4217-ABB8-F2B43F89C291}"
EndProject
Project("{FAE04EC0-301F-11D3-BF4B-00C04F79EFBC}") = "ExercicioProfRomulo.ExercicioOito", "ExercicioProfRomulo.ExercicioOito\ExercicioProfRomulo.ExercicioOito.csproj", "{328A9772-B7D9-4DBB-A233-F9E536A3EAD7}"
EndProject
Global
	GlobalSection(SolutionConfigurationPlatforms) = preSolution
		Debug|Any CPU = Debug|Any CPU
		Release|Any CPU = Release|Any CPU
	EndGlobalSection
	GlobalSection(ProjectConfigurationPlatforms) = postSolution
		{273CBC9C-A457-4F7E-8604-DA6A1AB68AEA}.Debug|Any CPU.ActiveCfg = Debug|Any CPU
		{273CBC9C-A457-4F7E-8604-DA6A1AB68AEA}.Debug|Any CPU.Build.0 = Debug|Any CPU
		{273CBC9C-A457-4F7E-8604-DA6A1AB68AEA}.Release|Any CPU.ActiveCfg = Release|Any CPU
		{273CBC9C-A457-4F7E-8604-DA6A1AB68AEA}.Release|Any CPU.Build.0 = Release|Any CPU
		{B5C46C30-F618-4CD6-A836-4C735CED8D78}.Debug|Any CPU.ActiveCfg = Debug|Any CPU
		{B5C46C30-F618-4CD6-A836-4C735CED8D78}.Debug|Any CPU.Build.0 = Debug|Any CPU
		{B5C46C30-F618-4CD6-A836-4C735CED8D78}.Release|Any CPU.ActiveCfg = Release|Any CPU
		{B5C46C30-F618-4CD6-A836-4C735CED8D78}.Release|Any CPU.Build.0 = Release|Any CPU
		{DBED0751-3E17-4B4F-9BA8-1B7E447CBB4A}.Debug|Any CPU.ActiveCfg = Debug|Any CPU
		{DBED0751-3E17-4B4F-9BA8-1B7E447CBB4A}.Debug|Any CPU.Build.0 = Debug|Any CPU
		{DBED0751-3E17-4B4F-9BA8-1B7E447CBB4A}.Release|Any CPU.ActiveCfg = Release|Any CPU
		{DBED0751-3E17-4B4F-9BA8-1B7E447CBB4A}.Release|Any CPU.Build.0 = Release|Any CPU
		{0B3FE500-4860-4217-ABB8-F2B43F89C291}.Debug|Any CPU.ActiveCfg = Debug|Any CPU
		{0B3FE500-4860-4217-ABB8-F2B43F89C291}.Debug|Any CPU.Build.0 = Debug|Any CPU
		{0B3FE500-4860-4217-ABB8-F2B43F89C291}.Release|Any CPU.ActiveCfg = Release|Any CPU
		{0B3FE500-4860-4217-ABB8-F2B43F89C291}.Release|Any CPU.Build.0 = Release|Any CPU
		{328A9772-B7D9-4DBB-A233-F9E536A3EAD7}.Debug|Any CPU.ActiveCfg = Debug|Any CPU
		{328A9772-B7D9-4DBB-A233-F9E536A3EAD7}.Debug|Any CPU.Build.0 = Debug|Any CPU
		{328A9772-B7D9-4DBB-A233-F9E536A3EAD7}.Release|Any CPU.ActiveCfg = Release|Any CPU
		{328A9772-B7D9-4DBB-A233-F9E536A3EAD7}.Release|Any CPU.Build.0 = Release|Any CPU
	EndGlobalSection
	GlobalSection(SolutionProperties) = preSolution
		HideSolutionNode = FALSE
	EndGlobalSection
	GlobalSection(ExtensibilityGlobals) = postSolution
		SolutionGuid = {B8F48ACE-0B91-433B-A0E1-DCAD5FFB3D50}
	EndGlobalSection
EndGlobal
